
Microsoft Visual Studio Solution File, Format Version 12.00
# Visual Studio Version 17
VisualStudioVersion = 17.0.31903.59
MinimumVisualStudioVersion = 10.0.40219.1
Project("{9A19103F-16F7-4668-BE54-9A1E7A4F7556}") = "MyGen.Cmdlet", "src\MyGen.Cmdlet\MyGen.Cmdlet.csproj", "{B559C7EC-06EC-4364-9885-61CE8B111A1D}"
EndProject
Project("{9A19103F-16F7-4668-BE54-9A1E7A4F7556}") = "MyGen.Data", "src\MyGen.Data\MyGen.Data.csproj", "{FF6576F5-06A2-42C3-9C0A-04A23B0DF4A3}"
EndProject
Project("{9A19103F-16F7-4668-BE54-9A1E7A4F7556}") = "MyGen.Data.Test", "tests\MyGen.Data.Test\MyGen.Data.Test.csproj", "{E0E67D6B-D576-4D89-81F8-60905D0C8E61}"
EndProject
Project("{2150E333-8FDC-42A3-9474-1A3956D46DE8}") = "tests", "tests", "{6284BB99-6437-40FB-91F8-C48E4A7B6B12}"
EndProject
Project("{9A19103F-16F7-4668-BE54-9A1E7A4F7556}") = "MyGen.Cmdlet.Test", "tests\MyGen.Cmdlet.Test\MyGen.Cmdlet.Test.csproj", "{49387240-D880-406A-B082-B2ECE89055D8}"
EndProject
Project("{9A19103F-16F7-4668-BE54-9A1E7A4F7556}") = "MyGen.Operations", "src\MyGen.Operations\MyGen.Operations.csproj", "{9C9C2F7A-0713-4455-8E80-0C5BEBE4082F}"
EndProject
Global
	GlobalSection(SolutionConfigurationPlatforms) = preSolution
		Debug|Any CPU = Debug|Any CPU
		Release|Any CPU = Release|Any CPU
	EndGlobalSection
	GlobalSection(ProjectConfigurationPlatforms) = postSolution
		{B559C7EC-06EC-4364-9885-61CE8B111A1D}.Debug|Any CPU.ActiveCfg = Debug|Any CPU
		{B559C7EC-06EC-4364-9885-61CE8B111A1D}.Debug|Any CPU.Build.0 = Debug|Any CPU
		{B559C7EC-06EC-4364-9885-61CE8B111A1D}.Release|Any CPU.ActiveCfg = Release|Any CPU
		{B559C7EC-06EC-4364-9885-61CE8B111A1D}.Release|Any CPU.Build.0 = Release|Any CPU
		{FF6576F5-06A2-42C3-9C0A-04A23B0DF4A3}.Debug|Any CPU.ActiveCfg = Debug|Any CPU
		{FF6576F5-06A2-42C3-9C0A-04A23B0DF4A3}.Debug|Any CPU.Build.0 = Debug|Any CPU
		{FF6576F5-06A2-42C3-9C0A-04A23B0DF4A3}.Release|Any CPU.ActiveCfg = Release|Any CPU
		{FF6576F5-06A2-42C3-9C0A-04A23B0DF4A3}.Release|Any CPU.Build.0 = Release|Any CPU
		{E0E67D6B-D576-4D89-81F8-60905D0C8E61}.Debug|Any CPU.ActiveCfg = Debug|Any CPU
		{E0E67D6B-D576-4D89-81F8-60905D0C8E61}.Debug|Any CPU.Build.0 = Debug|Any CPU
		{E0E67D6B-D576-4D89-81F8-60905D0C8E61}.Release|Any CPU.ActiveCfg = Release|Any CPU
		{E0E67D6B-D576-4D89-81F8-60905D0C8E61}.Release|Any CPU.Build.0 = Release|Any CPU
		{49387240-D880-406A-B082-B2ECE89055D8}.Debug|Any CPU.ActiveCfg = Debug|Any CPU
		{49387240-D880-406A-B082-B2ECE89055D8}.Debug|Any CPU.Build.0 = Debug|Any CPU
		{49387240-D880-406A-B082-B2ECE89055D8}.Release|Any CPU.ActiveCfg = Release|Any CPU
		{49387240-D880-406A-B082-B2ECE89055D8}.Release|Any CPU.Build.0 = Release|Any CPU
		{9C9C2F7A-0713-4455-8E80-0C5BEBE4082F}.Debug|Any CPU.ActiveCfg = Debug|Any CPU
		{9C9C2F7A-0713-4455-8E80-0C5BEBE4082F}.Debug|Any CPU.Build.0 = Debug|Any CPU
		{9C9C2F7A-0713-4455-8E80-0C5BEBE4082F}.Release|Any CPU.ActiveCfg = Release|Any CPU
		{9C9C2F7A-0713-4455-8E80-0C5BEBE4082F}.Release|Any CPU.Build.0 = Release|Any CPU
	EndGlobalSection
	GlobalSection(SolutionProperties) = preSolution
		HideSolutionNode = FALSE
	EndGlobalSection
	GlobalSection(NestedProjects) = preSolution
		{E0E67D6B-D576-4D89-81F8-60905D0C8E61} = {6284BB99-6437-40FB-91F8-C48E4A7B6B12}
		{49387240-D880-406A-B082-B2ECE89055D8} = {6284BB99-6437-40FB-91F8-C48E4A7B6B12}
	EndGlobalSection
	GlobalSection(ExtensibilityGlobals) = postSolution
		SolutionGuid = {B48863A8-A1D9-4357-9077-6940520310B5}
	EndGlobalSection
EndGlobal
